
Microsoft Visual Studio Solution File, Format Version 12.00
# Visual Studio 15
VisualStudioVersion = 15.0.34112.143
MinimumVisualStudioVersion = 10.0.40219.1
Project("{8BC9CEB8-8B4A-11D0-8D11-00A0C91BC942}") = "Render Target Transform", "Direct2D\RenderTargetTransform\RenderTargetTransform.vcxproj", "{C3926A26-AE15-4773-A0AF-D095E7697CFF}"
	ProjectSection(ProjectDependencies) = postProject
		{356130A9-96E6-47C4-9299-740E1D6FD7B3} = {356130A9-96E6-47C4-9299-740E1D6FD7B3}
	EndProjectSection
EndProject
Project("{8BC9CEB8-8B4A-11D0-8D11-00A0C91BC942}") = "Demo Framework", "DemoFramework\DemoFramework.vcxproj", "{356130A9-96E6-47C4-9299-740E1D6FD7B3}"
EndProject
Global
	GlobalSection(SolutionConfigurationPlatforms) = preSolution
		Debug|x64 = Debug|x64
		Debug|x86 = Debug|x86
		Release|x64 = Release|x64
		Release|x86 = Release|x86
	EndGlobalSection
	GlobalSection(ProjectConfigurationPlatforms) = postSolution
		{C3926A26-AE15-4773-A0AF-D095E7697CFF}.Debug|x64.ActiveCfg = Debug|x64
		{C3926A26-AE15-4773-A0AF-D095E7697CFF}.Debug|x64.Build.0 = Debug|x64
		{C3926A26-AE15-4773-A0AF-D095E7697CFF}.Debug|x86.ActiveCfg = Debug|Win32
		{C3926A26-AE15-4773-A0AF-D095E7697CFF}.Debug|x86.Build.0 = Debug|Win32
		{C3926A26-AE15-4773-A0AF-D095E7697CFF}.Release|x64.ActiveCfg = Release|x64
		{C3926A26-AE15-4773-A0AF-D095E7697CFF}.Release|x64.Build.0 = Release|x64
		{C3926A26-AE15-4773-A0AF-D095E7697CFF}.Release|x86.ActiveCfg = Release|Win32
		{C3926A26-AE15-4773-A0AF-D095E7697CFF}.Release|x86.Build.0 = Release|Win32
		{356130A9-96E6-47C4-9299-740E1D6FD7B3}.Debug|x64.ActiveCfg = Debug|x64
		{356130A9-96E6-47C4-9299-740E1D6FD7B3}.Debug|x64.Build.0 = Debug|x64
		{356130A9-96E6-47C4-9299-740E1D6FD7B3}.Debug|x86.ActiveCfg = Debug|Win32
		{356130A9-96E6-47C4-9299-740E1D6FD7B3}.Debug|x86.Build.0 = Debug|Win32
		{356130A9-96E6-47C4-9299-740E1D6FD7B3}.Release|x64.ActiveCfg = Release|x64
		{356130A9-96E6-47C4-9299-740E1D6FD7B3}.Release|x64.Build.0 = Release|x64
		{356130A9-96E6-47C4-9299-740E1D6FD7B3}.Release|x86.ActiveCfg = Release|Win32
		{356130A9-96E6-47C4-9299-740E1D6FD7B3}.Release|x86.Build.0 = Release|Win32
	EndGlobalSection
	GlobalSection(SolutionProperties) = preSolution
		HideSolutionNode = FALSE
	EndGlobalSection
	GlobalSection(ExtensibilityGlobals) = postSolution
		SolutionGuid = {39203228-E318-4B71-9881-C6619F231EAB}
	EndGlobalSection
EndGlobal
